
Microsoft Visual Studio Solution File, Format Version 12.00
# Visual Studio Version 17
VisualStudioVersion = 17.1.32407.343
MinimumVisualStudioVersion = 10.0.40219.1
Project("{9A19103F-16F7-4668-BE54-9A1E7A4F7556}") = "VendingMachine", "VendingMachine\VendingMachine.csproj", "{16069B57-BAB4-49DF-A186-9688BA74DEAE}"
EndProject
Project("{FAE04EC0-301F-11D3-BF4B-00C04F79EFBC}") = "VendingMachine.Test", "VendingMachine.Test\VendingMachine.Test.csproj", "{8E0E182B-ECA4-4C63-A51C-8ADBA1BC8AB0}"
EndProject
Global
	GlobalSection(SolutionConfigurationPlatforms) = preSolution
		Debug|Any CPU = Debug|Any CPU
		Release|Any CPU = Release|Any CPU
	EndGlobalSection
	GlobalSection(ProjectConfigurationPlatforms) = postSolution
		{16069B57-BAB4-49DF-A186-9688BA74DEAE}.Debug|Any CPU.ActiveCfg = Debug|Any CPU
		{16069B57-BAB4-49DF-A186-9688BA74DEAE}.Debug|Any CPU.Build.0 = Debug|Any CPU
		{16069B57-BAB4-49DF-A186-9688BA74DEAE}.Release|Any CPU.ActiveCfg = Release|Any CPU
		{16069B57-BAB4-49DF-A186-9688BA74DEAE}.Release|Any CPU.Build.0 = Release|Any CPU
		{8E0E182B-ECA4-4C63-A51C-8ADBA1BC8AB0}.Debug|Any CPU.ActiveCfg = Debug|Any CPU
		{8E0E182B-ECA4-4C63-A51C-8ADBA1BC8AB0}.Debug|Any CPU.Build.0 = Debug|Any CPU
		{8E0E182B-ECA4-4C63-A51C-8ADBA1BC8AB0}.Release|Any CPU.ActiveCfg = Release|Any CPU
		{8E0E182B-ECA4-4C63-A51C-8ADBA1BC8AB0}.Release|Any CPU.Build.0 = Release|Any CPU
	EndGlobalSection
	GlobalSection(SolutionProperties) = preSolution
		HideSolutionNode = FALSE
	EndGlobalSection
	GlobalSection(ExtensibilityGlobals) = postSolution
		SolutionGuid = {379A4321-7075-4BB7-B805-3B709E401159}
	EndGlobalSection
EndGlobal
